
Microsoft Visual Studio Solution File, Format Version 12.00
# Visual Studio Version 17
VisualStudioVersion = 17.14.36127.28
MinimumVisualStudioVersion = 10.0.40219.1
Project("{2150E333-8FDC-42A3-9474-1A3956D46DE8}") = "Fundamentals", "Fundamentals", "{02EA681E-C7D8-13C7-8484-4AC65E1B71E8}"
EndProject
Project("{2150E333-8FDC-42A3-9474-1A3956D46DE8}") = "src", "src", "{437EA6CA-0D4A-46A5-802C-2661166C156A}"
EndProject
Project("{2150E333-8FDC-42A3-9474-1A3956D46DE8}") = "test", "test", "{777F3535-C6B0-4BE9-BFA3-DEA9D5D25615}"
EndProject
Project("{2150E333-8FDC-42A3-9474-1A3956D46DE8}") = "Techinques", "Techinques", "{492D3418-9B5F-4860-9AFF-F6A410AB82B0}"
EndProject
Project("{2150E333-8FDC-42A3-9474-1A3956D46DE8}") = "src", "src", "{3DE99144-3D5A-4871-A49C-3063BE0A09A0}"
EndProject
Project("{FAE04EC0-301F-11D3-BF4B-00C04F79EFBC}") = "TestingTechniques", "TestingTechniques\TestingTechniques.csproj", "{61361AB6-BD53-43FF-A339-323CE1BD3811}"
EndProject
Project("{2150E333-8FDC-42A3-9474-1A3956D46DE8}") = "test", "test", "{2AE1F52E-90DB-4E7E-BE48-843289160C8C}"
EndProject
Project("{FAE04EC0-301F-11D3-BF4B-00C04F79EFBC}") = "TestingTechniques.Test.Unit", "TestingTechniques.Test.Unit\TestingTechniques.Test.Unit.csproj", "{522364B6-427C-4FC2-8DBC-F0533B1A0BA9}"
EndProject
Project("{2150E333-8FDC-42A3-9474-1A3956D46DE8}") = "Concepts", "Concepts", "{1E03C056-C87A-45FF-A119-4C439B41CADD}"
EndProject
Project("{FAE04EC0-301F-11D3-BF4B-00C04F79EFBC}") = "UnderstandingDependencies.Api", "UnderstandingDependencies.Api\UnderstandingDependencies.Api.csproj", "{FA03C465-F524-4EC1-8BB0-B4E969EF5831}"
EndProject
Project("{2150E333-8FDC-42A3-9474-1A3956D46DE8}") = "src", "src", "{77031792-FB07-4520-8A3E-F275D828792C}"
EndProject
Project("{2150E333-8FDC-42A3-9474-1A3956D46DE8}") = "test", "test", "{4EDB8D6D-BC70-4FBE-B38B-BC3226CA1912}"
EndProject
Project("{FAE04EC0-301F-11D3-BF4B-00C04F79EFBC}") = "UnderstandingDependencies.Api.Tests.Unit", "UnderstandingDependencies.Api.Tests.Unit\UnderstandingDependencies.Api.Tests.Unit.csproj", "{0D94B6E4-11FE-4865-B5A5-43077254E217}"
EndProject
Project("{2150E333-8FDC-42A3-9474-1A3956D46DE8}") = "RealProject", "RealProject", "{0505A392-CEFF-45EE-8FFD-BC3F715D5221}"
EndProject
Project("{2150E333-8FDC-42A3-9474-1A3956D46DE8}") = "src", "src", "{BE6733CB-EBCE-4122-A7D1-1A14AC6F61C5}"
EndProject
Project("{2150E333-8FDC-42A3-9474-1A3956D46DE8}") = "test", "test", "{EB2485FB-E215-4D46-BD25-E3C550D238F1}"
EndProject
Project("{FAE04EC0-301F-11D3-BF4B-00C04F79EFBC}") = "CalculatorLibrary", "Fundamentals\src\CalculatorLibrary\CalculatorLibrary.csproj", "{1BC3C7D2-C9C0-0CEF-E54F-D1E6FDA7AABC}"
EndProject
Project("{FAE04EC0-301F-11D3-BF4B-00C04F79EFBC}") = "CalculatorLibrary.Tests.Unit", "Fundamentals\test\CalculatorLibraryTest\CalculatorLibrary.Tests.Unit.csproj", "{2F9F5149-9EE1-A3DE-4992-504CA3313E06}"
EndProject
Project("{FAE04EC0-301F-11D3-BF4B-00C04F79EFBC}") = "Users.Api", "RealProject\src\Users.Api\Users.Api.csproj", "{73AACCAC-1CED-BB68-7528-709C43A132B3}"
EndProject
Project("{FAE04EC0-301F-11D3-BF4B-00C04F79EFBC}") = "Users.Api.Tests.Unit", "RealProject\test\Users.Api.Tests.Unit\Users.Api.Tests.Unit.csproj", "{A2E3280A-9753-6D56-5BC7-D91AF6B96C3D}"
EndProject
Global
	GlobalSection(SolutionConfigurationPlatforms) = preSolution
		Debug|Any CPU = Debug|Any CPU
		Release|Any CPU = Release|Any CPU
	EndGlobalSection
	GlobalSection(ProjectConfigurationPlatforms) = postSolution
		{61361AB6-BD53-43FF-A339-323CE1BD3811}.Debug|Any CPU.ActiveCfg = Debug|Any CPU
		{61361AB6-BD53-43FF-A339-323CE1BD3811}.Debug|Any CPU.Build.0 = Debug|Any CPU
		{61361AB6-BD53-43FF-A339-323CE1BD3811}.Release|Any CPU.ActiveCfg = Release|Any CPU
		{61361AB6-BD53-43FF-A339-323CE1BD3811}.Release|Any CPU.Build.0 = Release|Any CPU
		{522364B6-427C-4FC2-8DBC-F0533B1A0BA9}.Debug|Any CPU.ActiveCfg = Debug|Any CPU
		{522364B6-427C-4FC2-8DBC-F0533B1A0BA9}.Debug|Any CPU.Build.0 = Debug|Any CPU
		{522364B6-427C-4FC2-8DBC-F0533B1A0BA9}.Release|Any CPU.ActiveCfg = Release|Any CPU
		{522364B6-427C-4FC2-8DBC-F0533B1A0BA9}.Release|Any CPU.Build.0 = Release|Any CPU
		{FA03C465-F524-4EC1-8BB0-B4E969EF5831}.Debug|Any CPU.ActiveCfg = Debug|Any CPU
		{FA03C465-F524-4EC1-8BB0-B4E969EF5831}.Debug|Any CPU.Build.0 = Debug|Any CPU
		{FA03C465-F524-4EC1-8BB0-B4E969EF5831}.Release|Any CPU.ActiveCfg = Release|Any CPU
		{FA03C465-F524-4EC1-8BB0-B4E969EF5831}.Release|Any CPU.Build.0 = Release|Any CPU
		{0D94B6E4-11FE-4865-B5A5-43077254E217}.Debug|Any CPU.ActiveCfg = Debug|Any CPU
		{0D94B6E4-11FE-4865-B5A5-43077254E217}.Debug|Any CPU.Build.0 = Debug|Any CPU
		{0D94B6E4-11FE-4865-B5A5-43077254E217}.Release|Any CPU.ActiveCfg = Release|Any CPU
		{0D94B6E4-11FE-4865-B5A5-43077254E217}.Release|Any CPU.Build.0 = Release|Any CPU
		{1BC3C7D2-C9C0-0CEF-E54F-D1E6FDA7AABC}.Debug|Any CPU.ActiveCfg = Debug|Any CPU
		{1BC3C7D2-C9C0-0CEF-E54F-D1E6FDA7AABC}.Debug|Any CPU.Build.0 = Debug|Any CPU
		{1BC3C7D2-C9C0-0CEF-E54F-D1E6FDA7AABC}.Release|Any CPU.ActiveCfg = Release|Any CPU
		{1BC3C7D2-C9C0-0CEF-E54F-D1E6FDA7AABC}.Release|Any CPU.Build.0 = Release|Any CPU
		{2F9F5149-9EE1-A3DE-4992-504CA3313E06}.Debug|Any CPU.ActiveCfg = Debug|Any CPU
		{2F9F5149-9EE1-A3DE-4992-504CA3313E06}.Debug|Any CPU.Build.0 = Debug|Any CPU
		{2F9F5149-9EE1-A3DE-4992-504CA3313E06}.Release|Any CPU.ActiveCfg = Release|Any CPU
		{2F9F5149-9EE1-A3DE-4992-504CA3313E06}.Release|Any CPU.Build.0 = Release|Any CPU
		{73AACCAC-1CED-BB68-7528-709C43A132B3}.Debug|Any CPU.ActiveCfg = Debug|Any CPU
		{73AACCAC-1CED-BB68-7528-709C43A132B3}.Debug|Any CPU.Build.0 = Debug|Any CPU
		{73AACCAC-1CED-BB68-7528-709C43A132B3}.Release|Any CPU.ActiveCfg = Release|Any CPU
		{73AACCAC-1CED-BB68-7528-709C43A132B3}.Release|Any CPU.Build.0 = Release|Any CPU
		{A2E3280A-9753-6D56-5BC7-D91AF6B96C3D}.Debug|Any CPU.ActiveCfg = Debug|Any CPU
		{A2E3280A-9753-6D56-5BC7-D91AF6B96C3D}.Debug|Any CPU.Build.0 = Debug|Any CPU
		{A2E3280A-9753-6D56-5BC7-D91AF6B96C3D}.Release|Any CPU.ActiveCfg = Release|Any CPU
		{A2E3280A-9753-6D56-5BC7-D91AF6B96C3D}.Release|Any CPU.Build.0 = Release|Any CPU
	EndGlobalSection
	GlobalSection(SolutionProperties) = preSolution
		HideSolutionNode = FALSE
	EndGlobalSection
	GlobalSection(NestedProjects) = preSolution
		{437EA6CA-0D4A-46A5-802C-2661166C156A} = {02EA681E-C7D8-13C7-8484-4AC65E1B71E8}
		{777F3535-C6B0-4BE9-BFA3-DEA9D5D25615} = {02EA681E-C7D8-13C7-8484-4AC65E1B71E8}
		{3DE99144-3D5A-4871-A49C-3063BE0A09A0} = {492D3418-9B5F-4860-9AFF-F6A410AB82B0}
		{61361AB6-BD53-43FF-A339-323CE1BD3811} = {3DE99144-3D5A-4871-A49C-3063BE0A09A0}
		{2AE1F52E-90DB-4E7E-BE48-843289160C8C} = {492D3418-9B5F-4860-9AFF-F6A410AB82B0}
		{522364B6-427C-4FC2-8DBC-F0533B1A0BA9} = {2AE1F52E-90DB-4E7E-BE48-843289160C8C}
		{FA03C465-F524-4EC1-8BB0-B4E969EF5831} = {77031792-FB07-4520-8A3E-F275D828792C}
		{77031792-FB07-4520-8A3E-F275D828792C} = {1E03C056-C87A-45FF-A119-4C439B41CADD}
		{4EDB8D6D-BC70-4FBE-B38B-BC3226CA1912} = {1E03C056-C87A-45FF-A119-4C439B41CADD}
		{0D94B6E4-11FE-4865-B5A5-43077254E217} = {4EDB8D6D-BC70-4FBE-B38B-BC3226CA1912}
		{BE6733CB-EBCE-4122-A7D1-1A14AC6F61C5} = {0505A392-CEFF-45EE-8FFD-BC3F715D5221}
		{EB2485FB-E215-4D46-BD25-E3C550D238F1} = {0505A392-CEFF-45EE-8FFD-BC3F715D5221}
		{1BC3C7D2-C9C0-0CEF-E54F-D1E6FDA7AABC} = {437EA6CA-0D4A-46A5-802C-2661166C156A}
		{2F9F5149-9EE1-A3DE-4992-504CA3313E06} = {777F3535-C6B0-4BE9-BFA3-DEA9D5D25615}
		{73AACCAC-1CED-BB68-7528-709C43A132B3} = {BE6733CB-EBCE-4122-A7D1-1A14AC6F61C5}
		{A2E3280A-9753-6D56-5BC7-D91AF6B96C3D} = {EB2485FB-E215-4D46-BD25-E3C550D238F1}
	EndGlobalSection
	GlobalSection(ExtensibilityGlobals) = postSolution
		SolutionGuid = {D4A9FF28-45A6-4D14-AD65-D67FF43CD2EB}
	EndGlobalSection
EndGlobal
