
Microsoft Visual Studio Solution File, Format Version 12.00
# Visual Studio Version 17
VisualStudioVersion = 17.14.36127.28 d17.14
MinimumVisualStudioVersion = 10.0.40219.1
Project("{2150E333-8FDC-42A3-9474-1A3956D46DE8}") = "Fundamentals", "Fundamentals", "{02EA681E-C7D8-13C7-8484-4AC65E1B71E8}"
EndProject
Project("{FAE04EC0-301F-11D3-BF4B-00C04F79EFBC}") = "CalculatorLibrary", "CalculatorLibrary\CalculatorLibrary.csproj", "{BF6265F5-404A-4A4F-A1A6-A90BABEB6507}"
EndProject
Project("{FAE04EC0-301F-11D3-BF4B-00C04F79EFBC}") = "CalculatorLibrary.Tests.Unit", "CalculatorLibraryTest\CalculatorLibrary.Tests.Unit.csproj", "{D8B7B549-5684-4543-8039-378E608B1A53}"
EndProject
Project("{2150E333-8FDC-42A3-9474-1A3956D46DE8}") = "src", "src", "{437EA6CA-0D4A-46A5-802C-2661166C156A}"
EndProject
Project("{2150E333-8FDC-42A3-9474-1A3956D46DE8}") = "test", "test", "{777F3535-C6B0-4BE9-BFA3-DEA9D5D25615}"
EndProject
Global
	GlobalSection(SolutionConfigurationPlatforms) = preSolution
		Debug|Any CPU = Debug|Any CPU
		Release|Any CPU = Release|Any CPU
	EndGlobalSection
	GlobalSection(ProjectConfigurationPlatforms) = postSolution
		{BF6265F5-404A-4A4F-A1A6-A90BABEB6507}.Debug|Any CPU.ActiveCfg = Debug|Any CPU
		{BF6265F5-404A-4A4F-A1A6-A90BABEB6507}.Debug|Any CPU.Build.0 = Debug|Any CPU
		{BF6265F5-404A-4A4F-A1A6-A90BABEB6507}.Release|Any CPU.ActiveCfg = Release|Any CPU
		{BF6265F5-404A-4A4F-A1A6-A90BABEB6507}.Release|Any CPU.Build.0 = Release|Any CPU
		{D8B7B549-5684-4543-8039-378E608B1A53}.Debug|Any CPU.ActiveCfg = Debug|Any CPU
		{D8B7B549-5684-4543-8039-378E608B1A53}.Debug|Any CPU.Build.0 = Debug|Any CPU
		{D8B7B549-5684-4543-8039-378E608B1A53}.Release|Any CPU.ActiveCfg = Release|Any CPU
		{D8B7B549-5684-4543-8039-378E608B1A53}.Release|Any CPU.Build.0 = Release|Any CPU
	EndGlobalSection
	GlobalSection(SolutionProperties) = preSolution
		HideSolutionNode = FALSE
	EndGlobalSection
	GlobalSection(NestedProjects) = preSolution
		{BF6265F5-404A-4A4F-A1A6-A90BABEB6507} = {437EA6CA-0D4A-46A5-802C-2661166C156A}
		{D8B7B549-5684-4543-8039-378E608B1A53} = {777F3535-C6B0-4BE9-BFA3-DEA9D5D25615}
		{437EA6CA-0D4A-46A5-802C-2661166C156A} = {02EA681E-C7D8-13C7-8484-4AC65E1B71E8}
		{777F3535-C6B0-4BE9-BFA3-DEA9D5D25615} = {02EA681E-C7D8-13C7-8484-4AC65E1B71E8}
	EndGlobalSection
	GlobalSection(ExtensibilityGlobals) = postSolution
		SolutionGuid = {D4A9FF28-45A6-4D14-AD65-D67FF43CD2EB}
	EndGlobalSection
EndGlobal
